# This file is autogenerated, do not edit; changes may be undone by the next 'dep ensure'.


[[projects]]
  digest = "1:c0164b6d52877372590085b45f53a160f47c24e8a2312bb815489223044f5914"
  name = "bitbucket.org/ww/goautoneg"
  packages = ["."]
  pruneopts = "NUT"
  revision = "'75cd24fc2f2c2a2088577d12123ddee5f54e0675'"

[[projects]]
  digest = "1:dd347b7b19de2af0821d1396de518b857a5c739164ba813e5fae2d9a3370aca0"
  name = "cloud.google.com/go"
  packages = [
    "compute/metadata",
    "iam",
    "internal",
    "internal/optional",
    "internal/trace",
    "internal/version",
    "pubsub",
    "pubsub/apiv1",
    "pubsub/internal/distribution",
    "storage",
  ]
  pruneopts = "NUT"
  revision = "0fd7230b2a7505833d5f69b75cbd6c9582401479"
  version = "v0.23.0"

[[projects]]
  digest = "1:e9b73c014740269d9db56dcedc41f757d63a78e53856abca0428ebcb51f8978b"
  name = "github.com/Azure/azure-pipeline-go"
  packages = ["pipeline"]
  pruneopts = "NUT"
  revision = "098e490af5dc2a905cdc5b64cafda6887b29164b"
  version = "0.1.6"

[[projects]]
  digest = "1:b971957283a7529157351c80fbfc49eeeec547cae7992f8b1c286314338b2c5f"
  name = "github.com/Azure/azure-sdk-for-go"
  packages = [
    "services/resources/mgmt/2018-05-01/resources",
    "version",
  ]
  pruneopts = "NUT"
  revision = "6d20bdbae88c06c36d72eb512295417693bfdf4e"
  version = "v21.1.0"

[[projects]]
  digest = "1:0a05d409f73fb7d4595886e2de6093ab18eaeca1fb6470ddd0c96113975cb61b"
  name = "github.com/Azure/azure-storage-blob-go"
  packages = ["2016-05-31/azblob"]
  pruneopts = "NUT"
  revision = "66ba96e49ebbdc3cd26970c6c675c906d304b5e2"
  version = "0.1.4"

[[projects]]
  digest = "1:b09b0c35e2157afee27951ec594924c69883c6bd6800cbc15ddbb12fae169e12"
  name = "github.com/Azure/go-autorest"
  packages = [
    "autorest",
    "autorest/adal",
    "autorest/azure",
    "autorest/date",
    "autorest/to",
    "autorest/validation",
    "logger",
    "version",
  ]
  pruneopts = "NUT"
  revision = "9bc4033dd347c7f416fca46b2f42a043dc1fbdf6"
  version = "v10.15.5"

[[projects]]
  branch = "2.x"
  digest = "1:f198c9213547e59cb10260bf9c3c1bf6e760298ef5268e1f980d950e0d317880"
  name = "github.com/Masterminds/semver"
  packages = ["."]
  pruneopts = "NUT"
  revision = "3c92f33da7a84de8314f3ff82e5f919b89fd1492"

[[projects]]
  digest = "1:43e3179235895fe92135ab152876c60c1eb4e13c4a9d70edf30e13150fc93528"
  name = "github.com/Masterminds/vcs"
  packages = ["."]
  pruneopts = "NUT"
  revision = "6f1c6d150500e452704e9863f68c2559f58616bf"
  version = "v1.12.0"

[[projects]]
  digest = "1:85c0b0b5bef8d632e4f47df4735278f1254e05467703d24584f246619a339a4d"
  name = "github.com/Microsoft/go-winio"
  packages = ["."]
  pruneopts = "NUT"
  revision = "b7c3cf0d1286c7b62b140ed960a00b154c1b6fcc"
  version = "v0.4.6"

[[projects]]
  digest = "1:cad653043f328561f9234c9c9b2f215f4678ce46c82680550477f60a2ce3a3c3"
  name = "github.com/NYTimes/gziphandler"
  packages = ["."]
  pruneopts = "NUT"
  revision = "63027b26b87e2ae2ce3810393d4b81021cfd3a35"

[[projects]]
  digest = "1:d8ebbd207f3d3266d4423ce4860c9f3794956306ded6c7ba312ecc69cdfbf04c"
  name = "github.com/PuerkitoBio/purell"
  packages = ["."]
  pruneopts = "NUT"
  revision = "0bcb03f4b4d0a9428594752bd2a3b9aa0a9d4bd4"
  version = "v1.1.0"

[[projects]]
  branch = "master"
  digest = "1:8098cd40cd09879efbf12e33bcd51ead4a66006ac802cd563a66c4f3373b9727"
  name = "github.com/PuerkitoBio/urlesc"
  packages = ["."]
  pruneopts = "NUT"
  revision = "de5bf2ad457846296e2031421a34e2568e304e35"

[[projects]]
  digest = "1:843e2c7759bf0105806f70e262e7573fbda644e76222cb7eb148e3ac82a4ec5e"
  name = "github.com/andygrunwald/go-gerrit"
  packages = ["."]
  pruneopts = "NUT"
  revision = "95b11af228a177a6c9961202fa40ff284ba86849"
  version = "0.5.2"

[[projects]]
  branch = "master"
  digest = "1:50dba5c53c526d131059a349872dd0db092e58d555748b1c59fa566735f2fab7"
  name = "github.com/armon/go-radix"
  packages = ["."]
  pruneopts = "NUT"
  revision = "1fca145dffbcaa8fe914309b1ec0cfc67500fe61"

[[projects]]
  digest = "1:d47a7946633fc621db8587690253bba78ee390586bc84b94e56831def0a116a5"
  name = "github.com/aws/aws-k8s-tester"
  packages = [
    "ec2config",
    "ec2config/plugins",
    "eksconfig",
    "ekstester",
    "etcdconfig/plugins",
    "kubeadmconfig/plugins",
    "pkg/awsapi/ec2",
  ]
  pruneopts = "NUT"
  revision = "4349ca61b2788db7b3197856c7ccf5cd615d70aa"
  version = "0.1.3"

[[projects]]
  digest = "1:cc8dfe19a45c277f194744e8528aba0fa03208e6612723a5afd7ce343d27fe5a"
  name = "github.com/aws/aws-sdk-go"
  packages = [
    "aws",
    "aws/awserr",
    "aws/awsutil",
    "aws/client",
    "aws/client/metadata",
    "aws/corehandlers",
    "aws/credentials",
    "aws/credentials/ec2rolecreds",
    "aws/credentials/endpointcreds",
    "aws/credentials/stscreds",
    "aws/defaults",
    "aws/ec2metadata",
    "aws/endpoints",
    "aws/request",
    "aws/session",
    "aws/signer/v4",
    "internal/shareddefaults",
    "private/protocol",
    "private/protocol/ec2query",
    "private/protocol/query",
    "private/protocol/query/queryutil",
    "private/protocol/rest",
    "private/protocol/restxml",
    "private/protocol/xml/xmlutil",
    "service/autoscaling",
    "service/ec2",
    "service/iam",
    "service/route53",
    "service/s3",
    "service/sts",
  ]
  pruneopts = "NUT"
  revision = "82ad808f2307df0776c038bfd7ea85440a35c02e"
  version = "v1.12.53"

[[projects]]
  digest = "1:c9b852df5ce6e713a408023756d0090f2bb8a6328988775e6fb0099f50ab22ac"
  name = "github.com/bazelbuild/bazel-gazelle"
  packages = [
    "cmd/gazelle",
    "internal/config",
    "internal/flag",
    "internal/label",
    "internal/language",
    "internal/language/go",
    "internal/language/proto",
    "internal/merger",
    "internal/pathtools",
    "internal/repos",
    "internal/resolve",
    "internal/rule",
    "internal/version",
    "internal/walk",
    "internal/wspace",
  ]
  pruneopts = "NUT"
  revision = "c728ce9f663e2bff26361ba5978ec5c9e6816a3c"
  version = "0.15.0"

[[projects]]
  digest = "1:03679414789b10f815a33667d29e3c77e57c8096bd32457fd1682a4222f25806"
  name = "github.com/bazelbuild/buildtools"
  packages = [
    "build",
    "tables",
  ]
  pruneopts = "NUT"
  revision = "80c7f0d45d7e40fa1f7362852697d4a03df557b3"

[[projects]]
  digest = "1:75d40fa0c338f4c56056a3985e91fa371e8fcd0293e45b80afa7debecaf56012"
  name = "github.com/beorn7/perks"
  packages = ["quantile"]
  pruneopts = "NUT"
  revision = "3ac7bf7a47d159a033b107610db8a1b6575507a4"

[[projects]]
  digest = "1:aba270497eb2d49f5cba6f4162d524b9a1195a24cbce8be20bf56a0051f47deb"
  name = "github.com/blang/semver"
  packages = ["."]
  pruneopts = "NUT"
  revision = "2ee87856327ba09384cabd113bc6b5d174e9ec0f"
  version = "v3.5.1"

[[projects]]
  digest = "1:a12d94258c5298ead75e142e8001224bf029f302fed9e96cd39c0eaf90f3954d"
  name = "github.com/boltdb/bolt"
  packages = ["."]
  pruneopts = "NUT"
  revision = "2f1ce7a837dcb8da3ec595b1dac9d0632f0f99e8"
  version = "v1.3.1"

[[projects]]
  digest = "1:237147abeb9171404203dc28896b31f174710bbf0bb93ed88976e2f63a19d9d2"
  name = "github.com/bwmarrin/snowflake"
  packages = ["."]
  pruneopts = "NUT"
  revision = "02cc386c183a1bf89dcac8c8008bb465f69d3340"

[[projects]]
  digest = "1:a58083c7c5f9e83cc3bc1af06f53b92693ed6cbdf691a1f3a14dcb2bcee2f53c"
  name = "github.com/client9/misspell"
  packages = [
    ".",
    "cmd/misspell",
  ]
  pruneopts = "NUT"
  revision = "9ce5d979ffdaca6385988d7ad1079a33ec942d20"

[[projects]]
  digest = "1:a2c1d0e43bd3baaa071d1b9ed72c27d78169b2b269f71c105ac4ba34b1be4a39"
  name = "github.com/davecgh/go-spew"
  packages = ["spew"]
  pruneopts = "NUT"
  revision = "346938d642f2ec3594ed81d874461961cd0faa76"
  version = "v1.1.0"

[[projects]]
  digest = "1:0a01235d10db170711644e673745cc881e1a1087ca95bfdc0aedd5cc57d3f71a"
  name = "github.com/deckarep/golang-set"
  packages = ["."]
  pruneopts = "NUT"
  revision = "1d4478f51bed434f1dadf96dcd9b43aabac66795"
  version = "v1.7"

[[projects]]
  digest = "1:7a6852b35eb5bbc184561443762d225116ae630c26a7c4d90546619f1e7d2ad2"
  name = "github.com/dgrijalva/jwt-go"
  packages = ["."]
  pruneopts = "NUT"
  revision = "06ea1031745cb8b3dab3f6a236daf2b0aa468b7e"
  version = "v3.2.0"

[[projects]]
  digest = "1:e038aee9c17d49a396df67f75c26f433889b93af0c489f96285fa08a64abbaaa"
  name = "github.com/djherbis/atime"
  packages = ["."]
  pruneopts = "NUT"
  revision = "8e47e0e01d08df8b9f840d74299c8ab70a024a30"
  version = "v1.0.0"

[[projects]]
  digest = "1:4189ee6a3844f555124d9d2656fe7af02fca961c2a9bad9074789df13a0c62e0"
  name = "github.com/docker/distribution"
  packages = [
    "digestset",
    "reference",
  ]
  pruneopts = "NUT"
  revision = "edc3ab29cdff8694dd6feb85cfeb4b5f1b38ed9c"

[[projects]]
  digest = "1:e4c2c5650bd7fafc06c87903fcdc4caf6806750ab88b9dc1d6616d8e58f99d40"
  name = "github.com/docker/docker"
  packages = [
    "api",
    "api/types",
    "api/types/blkiodev",
    "api/types/container",
    "api/types/events",
    "api/types/filters",
    "api/types/image",
    "api/types/mount",
    "api/types/network",
    "api/types/registry",
    "api/types/strslice",
    "api/types/swarm",
    "api/types/swarm/runtime",
    "api/types/time",
    "api/types/versions",
    "api/types/volume",
    "client",
  ]
  pruneopts = "NUT"
  revision = "5e5fadb3c0201553929d4a6ea8dc8f9d8a1e56fe"

[[projects]]
  digest = "1:f133477f38c590bdcd6fc534617df17983f7a21e5b686d4a3495abeb21c631ec"
  name = "github.com/docker/go-connections"
  packages = [
    "nat",
    "sockets",
    "tlsconfig",
  ]
  pruneopts = "NUT"
  revision = "3ede32e2033de7505e6500d6c868c2b9ed9f169d"
  version = "v0.3.0"

[[projects]]
  digest = "1:9d8fe33c2e1aa01c76db67f285ffdb7dbdb5c5d90d9deb296526d67b9798ce7b"
  name = "github.com/docker/go-units"
  packages = ["."]
  pruneopts = "NUT"
  revision = "0dadbb0345b35ec7ef35e228dabb8de89a65bf52"
  version = "v0.3.2"

[[projects]]
  digest = "1:3537d33c077a9666720dc987fddfecb07270606ac0a58f67abd08e3b252c0a45"
  name = "github.com/emicklei/go-restful"
  packages = [
    ".",
    "log",
  ]
  pruneopts = "NUT"
  revision = "3eb9738c1697594ea6e71a7156a9bb32ed216cf0"
  version = "v2.8.0"

[[projects]]
  digest = "1:32598368f409bbee79deb9d43569fcd92b9fb27f39155f5e166b3371217f051f"
  name = "github.com/evanphx/json-patch"
  packages = ["."]
  pruneopts = "NUT"
  revision = "72bf35d0ff611848c1dc9df0f976c81192392fa5"
  version = "v4.1.0"

[[projects]]
  digest = "1:1b91ae0dc69a41d4c2ed23ea5cffb721ea63f5037ca4b81e6d6771fbb8f45129"
  name = "github.com/fsnotify/fsnotify"
  packages = ["."]
  pruneopts = "NUT"
  revision = "c2828203cd70a50dcccfb2761f8b1f8ceef9a8e9"
  version = "v1.4.7"

[[projects]]
  branch = "master"
  digest = "1:525b2fd876c00c8625845da78f0f87ea53b694a4008ea4c61a4f02fc397f8298"
  name = "github.com/fsouza/fake-gcs-server"
  packages = [
    "fakestorage",
    "internal/backend",
  ]
  pruneopts = "NUT"
  revision = "e85be23bdaa80eeb20556c77d64fa1197ee18164"

[[projects]]
  digest = "1:81466b4218bf6adddac2572a30ac733a9255919bc2f470b4827a317bd4ee1756"
  name = "github.com/ghodss/yaml"
  packages = ["."]
  pruneopts = "NUT"
  revision = "0ca9ea5df5451ffdf184b4428c902747c2c11cd7"
  version = "v1.0.0"

[[projects]]
  digest = "1:0c0eac431b07bd0da31ef684aa15b5b5eeeda8a820f666e6523d2bfb8ce868c4"
  name = "github.com/go-ini/ini"
  packages = ["."]
  pruneopts = "NUT"
  revision = "32e4c1e6bc4e7d0d8451aa6b75200d19e37a536a"
  version = "v1.32.0"

[[projects]]
  branch = "master"
  digest = "1:260f7ebefc63024c8dfe2c9f1a2935a89fa4213637a1f522f592f80c001cc441"
  name = "github.com/go-openapi/jsonpointer"
  packages = ["."]
  pruneopts = "NUT"
  revision = "779f45308c19820f1a69e9a4cd965f496e0da10f"

[[projects]]
  branch = "master"
  digest = "1:98abd61947ff5c7c6fcfec5473d02a4821ed3a2dd99a4fbfdb7925b0dd745546"
  name = "github.com/go-openapi/jsonreference"
  packages = ["."]
  pruneopts = "NUT"
  revision = "36d33bfe519efae5632669801b180bf1a245da3b"

[[projects]]
  branch = "master"
  digest = "1:9aeabe9352791543dc68385d0f59494020fbabef751b7186718651cd5982a3cc"
  name = "github.com/go-openapi/spec"
  packages = ["."]
  pruneopts = "NUT"
  revision = "fa03337d7da5735229ee8f5e9d5d0b996014b7f8"

[[projects]]
  branch = "master"
  digest = "1:774bcdb2dd9f44ca7e31a1e7416f157f3d3a7fabd13dbb4b0d428976d3132872"
  name = "github.com/go-openapi/swag"
  packages = ["."]
  pruneopts = "NUT"
  revision = "cf0bdb963811675a4d7e74901cefc7411a1df939"

[[projects]]
  digest = "1:41ba0e37dd6745a091f2aa66b4ee1cd2ea47254a81fa7ae7fec671ca24fb40a5"
  name = "github.com/go-sql-driver/mysql"
  packages = ["."]
  pruneopts = "NUT"
  revision = "7ebe0a500653eeb1859664bed5e48dec1e164e73"

[[projects]]
  digest = "1:df9b7520ad8d666674d89373b1eccf1c75fe450128bf5e436d9f37da562ad459"
  name = "github.com/gogo/protobuf"
  packages = [
    "gogoproto",
    "plugin/compare",
    "plugin/defaultcheck",
    "plugin/description",
    "plugin/embedcheck",
    "plugin/enumstringer",
    "plugin/equal",
    "plugin/face",
    "plugin/gostring",
    "plugin/marshalto",
    "plugin/oneofcheck",
    "plugin/populate",
    "plugin/size",
    "plugin/stringer",
    "plugin/testgen",
    "plugin/union",
    "plugin/unmarshal",
    "proto",
    "protoc-gen-gogo/descriptor",
    "protoc-gen-gogo/generator",
    "protoc-gen-gogo/grpc",
    "protoc-gen-gogo/plugin",
    "sortkeys",
    "vanity",
    "vanity/command",
  ]
  pruneopts = "NUT"
  revision = "342cbe0a04158f6dcb03ca0079991a51a4248c02"
  version = "v0.5"

[[projects]]
  digest = "1:1db55ba0586c3fc887dcd18864bfaedf91d06c9beff7f64e89f5b669b3bfc85c"
  name = "github.com/golang/dep"
  packages = [
    ".",
    "cmd/dep",
    "gps",
    "gps/internal/pb",
    "gps/paths",
    "gps/pkgtree",
    "gps/verify",
    "internal/feedback",
    "internal/fs",
    "internal/importers",
    "internal/importers/base",
    "internal/importers/glide",
    "internal/importers/glock",
    "internal/importers/godep",
    "internal/importers/govend",
    "internal/importers/govendor",
    "internal/importers/gvt",
    "internal/importers/vndr",
  ]
  pruneopts = "NUT"
  revision = "224a564abe296670b692fe08bb63a3e4c4ad7978"
  version = "v0.5.0"

[[projects]]
  branch = "master"
  digest = "1:e2b86e41f3d669fc36b50d31d32d22c8ac656c75aa5ea89717ce7177e134ff2a"
  name = "github.com/golang/glog"
  packages = ["."]
  pruneopts = "NUT"
  revision = "23def4e6c14b4da8ac2ed8007337bc5eb5007998"

[[projects]]
  branch = "master"
  digest = "1:3fb07f8e222402962fa190eb060608b34eddfb64562a18e2167df2de0ece85d8"
  name = "github.com/golang/groupcache"
  packages = ["lru"]
  pruneopts = "NUT"
  revision = "24b0969c4cb722950103eed87108c8d291a8df00"

[[projects]]
  branch = "master"
  digest = "1:7376bd3ae9304c857f4189d15e8439338a9129fd4f91edfb752b86c9d5b0acf3"
  name = "github.com/golang/lint"
  packages = [
    ".",
    "golint",
  ]
  pruneopts = "NUT"
  revision = "470b6b0bb3005eda157f0275e2e4895055396a81"

[[projects]]
  digest = "1:e158d7014de70d97c85191525b1ec527e9510484781303032a3750ca707bcc3f"
  name = "github.com/golang/mock"
  packages = ["gomock"]
  pruneopts = "NUT"
  revision = "bd3c8e81be01eef76d4b503f5e687d2d1354d2d9"

[[projects]]
  branch = "master"
  digest = "1:83573b3499683923717cab4e620c7e968c169981723b84edae13d627ac70fc07"
  name = "github.com/golang/protobuf"
  packages = [
    "proto",
    "protoc-gen-go/descriptor",
    "ptypes",
    "ptypes/any",
    "ptypes/duration",
    "ptypes/empty",
    "ptypes/timestamp",
  ]
  pruneopts = "NUT"
  revision = "925541529c1fa6821df4e44ce2723319eb2be768"

[[projects]]
  digest = "1:5fa227d7d880c9c647f6170ab0e59b4287b54458d9eab70c9a8dd12b3053d819"
  name = "github.com/google/btree"
  packages = ["."]
  pruneopts = "NUT"
  revision = "cc6329d4279e3f025a53a83c397d2339b5705c45"

[[projects]]
  digest = "1:76f0090ca1093da462503c6a1559f721d88dfb8282927caab715d1c239042fb1"
  name = "github.com/google/go-github"
  packages = ["github"]
  pruneopts = "NUT"
  revision = "7a51fb928f52a196d5f31daefb8a489453ef54ff"

[[projects]]
  digest = "1:519129495f9f6823c9bd9f35b8a591b0620518a8fcefc964a50f02c0c9e76ff6"
  name = "github.com/google/go-querystring"
  packages = ["query"]
  pruneopts = "NUT"
  revision = "547ef5ac979778feb2f760cdb5f4eae1a2207b86"

[[projects]]
  digest = "1:213c59d423da6fade65d445133228942c3916925204f2f78caec6ae6755f1809"
  name = "github.com/google/gofuzz"
  packages = ["."]
  pruneopts = "NUT"
  revision = "bbcb9da2d746f8bdbd6a936686a0a6067ada0ec5"

[[projects]]
  digest = "1:fe852c57b4fc4d11e6ef79bce1e930ee2f2f7d148b370afef8f8d012a80960ea"
  name = "github.com/googleapis/gax-go"
  packages = ["."]
  pruneopts = "NUT"
  revision = "317e0006254c44a0ac427cc52a0e083ff0b9622f"
  version = "v2.0.0"

[[projects]]
  digest = "1:3d7c1446fc5c710351b246c0dc6700fae843ca27f5294d0bd9f68bab2a810c44"
  name = "github.com/googleapis/gnostic"
  packages = [
    "OpenAPIv2",
    "compiler",
    "extensions",
  ]
  pruneopts = "NUT"
  revision = "ee43cbb60db7bd22502942cccbc39059117352ab"
  version = "v0.1.0"

[[projects]]
  digest = "1:dbd86d229eacaa86a98b10f8fb3e3fc69a1913e0f4e010e7cc1f92bf12edca92"
  name = "github.com/gorilla/context"
  packages = ["."]
  pruneopts = "NUT"
  revision = "1ea25387ff6f684839d82767c1733ff4d4d15d0a"
  version = "v1.1"

[[projects]]
  digest = "1:bf5cf1d53d703332e9bd8984c69784645b73a938317bf5ace9aadf20ac49379a"
  name = "github.com/gorilla/mux"
  packages = ["."]
  pruneopts = "NUT"
  revision = "e3702bed27f0d39777b0b37b664b6280e8ef8fbf"
  version = "v1.6.2"

[[projects]]
  digest = "1:1f497339cd060a53d8173b34325f74c067685763490b5772590136cb7ce1c233"
  name = "github.com/gorilla/securecookie"
  packages = ["."]
  pruneopts = "NUT"
  revision = "667fe4e3466a040b780561fe9b51a83a3753eefc"
  version = "v1.1"

[[projects]]
  digest = "1:ee5531f1e32c0082a6da68a605bc60284711d99b15d38dfba335a1ec52a58c20"
  name = "github.com/gorilla/sessions"
  packages = ["."]
  pruneopts = "NUT"
  revision = "ca9ada44574153444b00d3fd9c8559e4cc95f896"
  version = "v1.1"

[[projects]]
  digest = "1:52b444d0680ddd1c5a006f1b69a6943bfd3101d23d506d5ce02dd35e71fc33eb"
  name = "github.com/gregjones/httpcache"
  packages = [
    ".",
    "diskcache",
  ]
  pruneopts = "NUT"
  revision = "16db777d8ebea60a3e746a7e0703eaaa53f85f7f"

[[projects]]
  branch = "master"
  digest = "1:f0d9d74edbd40fdeada436d5ac9cb5197407899af3fef85ff0137077ffe8ae19"
  name = "github.com/hashicorp/errwrap"
  packages = ["."]
  pruneopts = "NUT"
  revision = "7554cd9344cec97297fa6649b055a8c98c2a1e55"

[[projects]]
  branch = "master"
  digest = "1:4d55897d00e9b53c1c716e8fe504de3d21bec8edba0a330bfaa87902695e46e2"
  name = "github.com/hashicorp/go-multierror"
  packages = ["."]
  pruneopts = "NUT"
  revision = "b7773ae218740a7be65057fc60b366a49b538a44"

[[projects]]
  branch = "master"
  digest = "1:13e2fa5735a82a5fb044f290cfd0dba633d1c5e516b27da0509e0dbb3515a18e"
  name = "github.com/hashicorp/golang-lru"
  packages = [
    ".",
    "simplelru",
  ]
  pruneopts = "NUT"
  revision = "0fb14efe8c47ae851c0034ed7a448854d3d34cf3"

[[projects]]
  digest = "1:cf327083982a19eae01f70be6663a935a02bac3a2dc79efbc19668c8378bfbb3"
  name = "github.com/imdario/mergo"
  packages = ["."]
  pruneopts = "NUT"
  revision = "163f41321a19dd09362d4c63cc2489db2015f1f4"
  version = "0.3.2"

[[projects]]
  digest = "1:406338ad39ab2e37b7f4452906442a3dbf0eb3379dd1f06aafb5c07e769a5fbb"
  name = "github.com/inconshreveable/mousetrap"
  packages = ["."]
  pruneopts = "NUT"
  revision = "76626ae9c91c4f2a10f34cad8ce83ea42c93bb75"
  version = "v1.0"

[[projects]]
  digest = "1:ea05fa8d1ad577c677e2498e7afad18494eb6d790342a1ce17884b6b01c09837"
  name = "github.com/influxdata/influxdb"
  packages = [
    "client/v2",
    "models",
    "pkg/escape",
  ]
  pruneopts = "NUT"
  revision = "049f9b42e9a5ca4c0bcb4439a9f33fd83b485077"

[[projects]]
  digest = "1:6f82d980688e695d7657182e83c3b607909294b0ead87bad902971307d05e2e9"
  name = "github.com/jinzhu/gorm"
  packages = [
    ".",
    "dialects/mysql",
    "dialects/sqlite",
  ]
  pruneopts = "NUT"
  revision = "572d0a0ab1eb75410a2729e96239152d1da7a91f"

[[projects]]
  digest = "1:f130074711c6e8f8ee402bc73b89c591c09e18061cfdb3357f405dcdd419def6"
  name = "github.com/jinzhu/inflection"
  packages = ["."]
  pruneopts = "NUT"
  revision = "3272df6c21d04180007eb3349844c89a3856bc25"

[[projects]]
  digest = "1:f5169729244becc423886eae4d72547e28ac3f13f861bed8a9d749bc7238a1c3"
  name = "github.com/jmank88/nuts"
  packages = ["."]
  pruneopts = "NUT"
  revision = "8b28145dffc87104e66d074f62ea8080edfad7c8"
  version = "v0.3.0"

[[projects]]
  digest = "1:ac6d01547ec4f7f673311b4663909269bfb8249952de3279799289467837c3cc"
  name = "github.com/jmespath/go-jmespath"
  packages = ["."]
  pruneopts = "NUT"
  revision = "0b12d6b5"

[[projects]]
  branch = "master"
  digest = "1:b9303d3e6be90434c29e11788dc5dec6ee39a7349f0ee9588b9b535b612adf46"
  name = "github.com/joshdk/go-junit"
  packages = ["."]
  pruneopts = "NUT"
  revision = "bf76511d08693cfcf6e5d1bd8b46b62518c496f3"

[[projects]]
  digest = "1:8e36686e8b139f8fe240c1d5cf3a145bc675c22ff8e707857cdd3ae17b00d728"
  name = "github.com/json-iterator/go"
  packages = ["."]
  pruneopts = "NUT"
  revision = "1624edc4454b8682399def8740d46db5e4362ba4"
  version = "v1.1.5"

[[projects]]
  digest = "1:5dbea5aeba908dc7350b9cd7c6309ec08e85a8e106d4e3c3194f08a5b1e879e5"
  name = "github.com/jteeuwen/go-bindata"
  packages = [
    ".",
    "go-bindata",
  ]
  pruneopts = "NUT"
  revision = "6025e8de665b31fa74ab1a66f2cddd8c0abf887e"

[[projects]]
  digest = "1:4d7edaf520821b226caaae747c5d87a3c6324794fd73207d1427f01b07ad6f04"
  name = "github.com/knative/build"
  packages = [
    "pkg/apis/build",
    "pkg/apis/build/v1alpha1",
    "pkg/client/clientset/versioned",
    "pkg/client/clientset/versioned/scheme",
    "pkg/client/clientset/versioned/typed/build/v1alpha1",
    "pkg/client/informers/externalversions",
    "pkg/client/informers/externalversions/build",
    "pkg/client/informers/externalversions/build/v1alpha1",
    "pkg/client/informers/externalversions/internalinterfaces",
    "pkg/client/listers/build/v1alpha1",
  ]
  pruneopts = "NUT"
  revision = "5c1d8c8469d1ed34b2aecf4c2305b3a57fff2ee3"
  version = "v0.1.0"

[[projects]]
  branch = "master"
  digest = "1:b7cd41e387f9a942b31c2e7bf86ac61d447691d6cc74bcd41e638e56ae631ae5"
  name = "github.com/kubernetes/repo-infra"
  packages = ["kazel"]
  pruneopts = "NUT"
  revision = "06471ba92308f7bfff038aa0850f31cbb7254ea3"

[[projects]]
  branch = "master"
  digest = "1:cdf13ca0f5df719f31c0b466578feba0837bd6bb0aea95b3981a307844803704"
  name = "github.com/mailru/easyjson"
  packages = [
    "buffer",
    "jlexer",
    "jwriter",
  ]
  pruneopts = "NUT"
  revision = "32fa128f234d041f196a9f3e0fea5ac9772c08e1"

[[projects]]
  digest = "1:3bc3ecf5b2db10bcb4591dd70f1a48e1dd86cae9633e9a3a32d979de906df100"
  name = "github.com/mattn/go-sqlite3"
  packages = ["."]
  pruneopts = "NUT"
  revision = "38ee283dabf11c9cbdb968eebd79b1fa7acbabe6"

[[projects]]
  branch = "master"
  digest = "1:f9b183e78b11d72382642119b0d52df080b8ca7da8bed191ed554e8cfbc1a341"
  name = "github.com/mattn/go-zglob"
  packages = [
    ".",
    "fastwalk",
  ]
  pruneopts = "NUT"
  revision = "49693fbb3fe3c3a75fc4e4d6fb1d7cedcbdeb385"

[[projects]]
  digest = "1:f1bb94f5fab2a670687ec7a30a9160b0193d147ae82d5650231c01b2b3a8d0db"
  name = "github.com/matttproud/golang_protobuf_extensions"
  packages = ["pbutil"]
  pruneopts = "NUT"
  revision = "fc2b8d3a73c4867e51861bbdd5ae3c1f0869dd6a"

[[projects]]
  digest = "1:bdca59c6bbfc61fea8b66d564f54a0be4364728b1ee94a004eee21ae2c01582d"
  name = "github.com/modern-go/concurrent"
  packages = ["."]
  pruneopts = "NUT"
  revision = "938152ca6a933f501bb238954eebd3cbcbf489ff"
  version = "1.0.2"

[[projects]]
  digest = "1:c6aca19413b13dc59c220ad7430329e2ec454cc310bc6d8de2c7e2b93c18a0f6"
  name = "github.com/modern-go/reflect2"
  packages = ["."]
  pruneopts = "NUT"
  revision = "4b7aa43c6742a2c18fdef89dd197aaae7dac7ccd"
  version = "1.0.1"

[[projects]]
  branch = "master"
  digest = "1:fa21ce52102db5a5cbb134a550d3544e5aed27e990107ad38fb28147d08e8853"
  name = "github.com/nightlyone/lockfile"
  packages = ["."]
  pruneopts = "NUT"
  revision = "6a197d5ea61168f2ac821de2b7f011b250904900"

[[projects]]
  digest = "1:e0cc8395ea893c898ff5eb0850f4d9851c1f57c78c232304a026379a47a552d0"
  name = "github.com/opencontainers/go-digest"
  packages = ["."]
  pruneopts = "NUT"
  revision = "279bed98673dd5bef374d3b6e4b09e2af76183bf"
  version = "v1.0.0-rc1"

[[projects]]
  digest = "1:11db38d694c130c800d0aefb502fb02519e514dc53d9804ce51d1ad25ec27db6"
  name = "github.com/opencontainers/image-spec"
  packages = [
    "specs-go",
    "specs-go/v1",
  ]
  pruneopts = "NUT"
  revision = "d60099175f88c47cd379c4738d158884749ed235"
  version = "v1.0.1"

[[projects]]
  digest = "1:51ea800cff51752ff68e12e04106f5887b4daec6f9356721238c28019f0b42db"
  name = "github.com/pelletier/go-toml"
  packages = ["."]
  pruneopts = "NUT"
  revision = "c01d1270ff3e442a8a57cddc1c92dc1138598194"
  version = "v1.2.0"

[[projects]]
  branch = "master"
  digest = "1:3bf17a6e6eaa6ad24152148a631d18662f7212e21637c2699bff3369b7f00fa2"
  name = "github.com/petar/GoLLRB"
  packages = ["llrb"]
  pruneopts = "NUT"
  revision = "53be0d36a84c2a886ca057d34b6aa4468df9ccb4"

[[projects]]
  digest = "1:1edfc684b21d7f3770677834451ceafcb7c84b2ec22cd0666abee7c0868a5e5d"
  name = "github.com/peterbourgon/diskv"
  packages = ["."]
  pruneopts = "NUT"
  revision = "2973218375c3d13162e1d3afe1708aaee318ef3f"

[[projects]]
  digest = "1:5cf3f025cbee5951a4ee961de067c8a89fc95a5adabead774f82822efabab121"
  name = "github.com/pkg/errors"
  packages = ["."]
  pruneopts = "NUT"
  revision = "645ef00459ed84a119197bfb8d8205042c6df63d"
  version = "v0.8.0"

[[projects]]
  digest = "1:0028cb19b2e4c3112225cd871870f2d9cf49b9b4276531f03438a88e94be86fe"
  name = "github.com/pmezard/go-difflib"
  packages = ["difflib"]
  pruneopts = "NUT"
  revision = "792786c7400a136282c1664665ae0a8db921c6c2"
  version = "v1.0.0"

[[projects]]
  digest = "1:8d8f554bbb62fb7aecf661b85b25e227f6ab6cfe2b4395ea65ef478bfc174940"
  name = "github.com/prometheus/client_golang"
  packages = [
    "prometheus",
    "prometheus/promhttp",
    "prometheus/push",
  ]
  pruneopts = "NUT"
  revision = "c5b7fccd204277076155f10851dad72b76a49317"
  version = "v0.8.0"

[[projects]]
  digest = "1:9fe8945a11a9f588a9d306b4741cad634da9015a704271b9506810e2cc77fa17"
  name = "github.com/prometheus/client_model"
  packages = ["go"]
  pruneopts = "NUT"
  revision = "fa8ad6fec33561be4280a8f0514318c79d7f6cb6"

[[projects]]
  digest = "1:9bb5dfbf1de24a0c690c564294a5de0e625f088f9335205b41609e2823d0c294"
  name = "github.com/prometheus/common"
  packages = [
    "expfmt",
    "model",
  ]
  pruneopts = "NUT"
  revision = "ffe929a3f4c4faeaa10f2b9535c2b1be3ad15650"

[[projects]]
  digest = "1:640fee07fdbeb02333ff8670cdadcfbbe9511325f76d026d3ac7b4ebca70f9d7"
  name = "github.com/prometheus/procfs"
  packages = ["."]
  pruneopts = "NUT"
  revision = "454a56f35412459b5e684fd5ec0f9211b94f002a"

[[projects]]
  digest = "1:54f275b550b8a8a20bc91e2067ed740600b69dae9dcf9cdfe905bac1b9cfd1d0"
  name = "github.com/satori/go.uuid"
  packages = ["."]
  pruneopts = "NUT"
  revision = "0aa62d5ddceb50dbcb909d790b5345affd3669b6"

[[projects]]
  branch = "master"
  digest = "1:abb4b60c28323cde32c193ce6083bb600fac462d1780cf83461b4c23ed5ce904"
  name = "github.com/sdboyer/constext"
  packages = ["."]
  pruneopts = "NUT"
  revision = "836a144573533ea4da4e6929c235fd348aed1c80"

[[projects]]
  branch = "master"
  digest = "1:3d10a3bdabc0890155135c0be1034e56c69ea22239eb8f19a430230c74edad3b"
  name = "github.com/shurcooL/githubv4"
  packages = ["."]
  pruneopts = "NUT"
  revision = "19298c78142b5fe80c2cdaa2091bc51cbc3a94fc"

[[projects]]
  digest = "1:ddaa79b37808fbd09a1c3f484bba6320c884664dfc25ccc5f2d7d5a82222177c"
  name = "github.com/shurcooL/go"
  packages = ["ctxhttp"]
  pruneopts = "NUT"
  revision = "5924e6132c2f184e262d4bc779e5745fa297d093"

[[projects]]
  branch = "master"
  digest = "1:95aa903ea7bb8beff197c3770764373d076095408996e39e2206ed9e85ab14bb"
  name = "github.com/shurcooL/graphql"
  packages = [
    ".",
    "ident",
    "internal/jsonutil",
  ]
  pruneopts = "NUT"
  revision = "e4a3a37e6d42afa87afee2edeeced52300b63893"

[[projects]]
  digest = "1:4499793fe9d2741e72ff1ff9b86a2efafd431fa257c94df108f8effecee17c72"
  name = "github.com/sirupsen/logrus"
  packages = ["."]
  pruneopts = "NUT"
  revision = "a283a10442df8dc09befd873fab202bf8a253d6a"

[[projects]]
  digest = "1:1177ed4924e8466f0252b831fa49d8bece9846449c8063e6f997189d5f9150a7"
  name = "github.com/spf13/cobra"
  packages = ["."]
  pruneopts = "NUT"
  revision = "4c05eb1145f16d0e6bb4a3e1b6d769f4713cb41f"

[[projects]]
  digest = "1:e56df9c4d565f91b834dd17b478e20d4dfdafbe07a98dc0ee626f12b4c1a1283"
  name = "github.com/spf13/pflag"
  packages = ["."]
  pruneopts = "NUT"
  revision = "7aff26db30c1be810f9de5038ec5ef96ac41fd7c"

[[projects]]
  digest = "1:da10b6d96618e7ac047f7122f501a0841e0df547fac1c0a9a90b7078ae93d1ee"
  name = "go.opencensus.io"
  packages = [
    ".",
    "internal",
    "internal/tagencoding",
    "plugin/ocgrpc",
    "stats",
    "stats/internal",
    "stats/view",
    "tag",
    "trace",
    "trace/internal",
    "trace/propagation",
  ]
  pruneopts = "NUT"
  revision = "6edeb78af2d9e4f169abb223feaef35da2e45d06"
  version = "v0.13.0"

[[projects]]
  digest = "1:14263791cdd53e1379d8363b21fe97145665737a81b73076901d204a26ab6b99"
  name = "golang.org/x/crypto"
  packages = [
    "curve25519",
    "ed25519",
    "ed25519/internal/edwards25519",
    "ssh",
    "ssh/terminal",
  ]
  pruneopts = "NUT"
  revision = "81e90905daefcd6fd217b62423c0908922eadb30"

[[projects]]
  branch = "master"
  digest = "1:e560ae4a227f691fafb7989d7ca2d768c85db681f29f664f635e95a8c50dced4"
  name = "golang.org/x/lint"
  packages = ["."]
  pruneopts = "NUT"
  revision = "470b6b0bb3005eda157f0275e2e4895055396a81"

[[projects]]
  branch = "master"
  digest = "1:ca263eb0fb4232fcf5c2a036fec9b3bb625fa98b17cca558ea1017ab1fd76235"
  name = "golang.org/x/net"
  packages = [
    "context",
    "context/ctxhttp",
    "http2",
    "http2/hpack",
    "idna",
    "internal/timeseries",
    "lex/httplex",
    "proxy",
    "trace",
    "xsrftoken",
  ]
  pruneopts = "NUT"
  revision = "0ed95abb35c445290478a5348a7b38bb154135fd"

[[projects]]
  branch = "master"
  digest = "1:ca2043d4469a172d2c28f39c0e5ec5f3a7510552f12170bf814942078a066a30"
  name = "golang.org/x/oauth2"
  packages = [
    ".",
    "github",
    "google",
    "internal",
    "jws",
    "jwt",
  ]
  pruneopts = "NUT"
  revision = "a032972e28060ca4f5644acffae3dfc268cc09db"

[[projects]]
  branch = "master"
  digest = "1:c313aef534e493304f3666fbd24dca5932ebf776a82b7a40f961c9355794a1b1"
  name = "golang.org/x/sync"
  packages = [
    "errgroup",
    "semaphore",
  ]
  pruneopts = "NUT"
  revision = "fd80eb99c8f653c847d294a001bdf2a3a6f768f5"

[[projects]]
  branch = "master"
  digest = "1:581828cee9f0d31195c1ae52ea8935dfaec395cee6c23adc02109b892b391c2e"
  name = "golang.org/x/sys"
  packages = [
    "unix",
    "windows",
  ]
  pruneopts = "NUT"
  revision = "d0be0721c37eeb5299f245a996a483160fc36940"

[[projects]]
  branch = "master"
  digest = "1:e33513a825fcd765e97b5de639a2f7547542d1a8245df0cef18e1fd390b778a9"
  name = "golang.org/x/text"
  packages = [
    "collate",
    "collate/build",
    "internal/colltab",
    "internal/gen",
    "internal/tag",
    "internal/triegen",
    "internal/ucd",
    "language",
    "secure/bidirule",
    "transform",
    "unicode/bidi",
    "unicode/cldr",
    "unicode/norm",
    "unicode/rangetable",
    "width",
  ]
  pruneopts = "NUT"
  revision = "eb22672bea55af56d225d4e35405f4d2e9f062a0"

[[projects]]
  branch = "master"
  digest = "1:c9e7a4b4d47c0ed205d257648b0e5b0440880cb728506e318f8ac7cd36270bc4"
  name = "golang.org/x/time"
  packages = ["rate"]
  pruneopts = "NUT"
  revision = "fbb02b2291d28baffd63558aa44b4b56f178d650"

[[projects]]
  digest = "1:d1b9e486c05cb17698ddd87053cc2984b8a250999595646451da36dfc15d19e0"
  name = "golang.org/x/tools"
  packages = [
    "cover",
    "go/ast/astutil",
    "go/gcexportdata",
    "go/gcimporter15",
    "go/vcs",
    "imports",
  ]
  pruneopts = "NUT"
  revision = "1f0f7f68c993a0ff4e0fe1793c08cdd14cc243cb"

[[projects]]
  branch = "master"
  digest = "1:f3e563a0b815b0cd40a6c09cb3b6d3d15961593066c7a12b9fc6cd4ce3310772"
  name = "google.golang.org/api"
  packages = [
    "gensupport",
    "googleapi",
    "googleapi/internal/uritemplates",
    "googleapi/transport",
    "internal",
    "iterator",
    "option",
    "storage/v1",
    "support/bundler",
    "transport",
    "transport/grpc",
    "transport/http",
  ]
  pruneopts = "NUT"
  revision = "ffa5046912fde3e38fd41244f9593c99431ecfa2"

[[projects]]
  digest = "1:626ac4e70ef18262989f8c52503259109e1a2e5580d23aeae0f0e0349819dade"
  name = "google.golang.org/appengine"
  packages = [
    ".",
    "internal",
    "internal/app_identity",
    "internal/base",
    "internal/datastore",
    "internal/log",
    "internal/modules",
    "internal/remote_api",
    "internal/socket",
    "internal/urlfetch",
    "socket",
    "urlfetch",
  ]
  pruneopts = "NUT"
  revision = "150dc57a1b433e64154302bdc40b6bb8aefa313a"
  version = "v1.0.0"

[[projects]]
  branch = "master"
  digest = "1:76ae6d4f91b7475dd957308367629f8639bf33f0b16a188f27a7fb6d1dadf436"
  name = "google.golang.org/genproto"
  packages = [
    "googleapis/api/annotations",
    "googleapis/iam/v1",
    "googleapis/pubsub/v1",
    "googleapis/rpc/code",
    "googleapis/rpc/status",
    "protobuf/field_mask",
  ]
  pruneopts = "NUT"
  revision = "4eb30f4778eed4c258ba66527a0d4f9ec8a36c45"

[[projects]]
  digest = "1:83db4286030add91301b4fd9cc3b06497683691223937b47510a741559bc07ef"
  name = "google.golang.org/grpc"
  packages = [
    ".",
    "balancer",
    "balancer/base",
    "balancer/roundrobin",
    "codes",
    "connectivity",
    "credentials",
    "credentials/oauth",
    "encoding",
    "encoding/proto",
    "grpclog",
    "internal",
    "internal/backoff",
    "internal/channelz",
    "internal/envconfig",
    "internal/grpcrand",
    "internal/transport",
    "keepalive",
    "metadata",
    "naming",
    "peer",
    "resolver",
    "resolver/dns",
    "resolver/passthrough",
    "stats",
    "status",
    "tap",
  ]
  pruneopts = "NUT"
  revision = "8dea3dc473e90c8179e519d91302d0597c0ca1d1"
  version = "v1.15.0"

[[projects]]
  digest = "1:ef72505cf098abdd34efeea032103377bec06abb61d8a06f002d5d296a4b1185"
  name = "gopkg.in/inf.v0"
  packages = ["."]
  pruneopts = "NUT"
  revision = "3887ee99ecf07df5b447e9b00d9c0b2adaa9f3e4"
  version = "v0.9.0"

[[projects]]
  branch = "v2"
  digest = "1:af48fd9cabfa0cd50594518c47d7dee43c2db85f0344fd71477108b9c271e34e"
  name = "gopkg.in/robfig/cron.v2"
  packages = ["."]
  pruneopts = "NUT"
  revision = "be2e0b0deed5a68ffee390b4583a13aff8321535"

[[projects]]
  digest = "1:7c95b35057a0ff2e19f707173cc1a947fa43a6eb5c4d300d196ece0334046082"
  name = "gopkg.in/yaml.v2"
  packages = ["."]
  pruneopts = "NUT"
  revision = "5420a8b6744d3b0345ab293f6fcba19c978f1183"
  version = "v2.2.1"

[[projects]]
  branch = "release-1.12"
  digest = "1:1d34342a53d8f8c625260d6c4c2e5c99442b1635bbf4208f426bd12aa210b870"
  name = "k8s.io/api"
  packages = [
    "admission/v1beta1",
    "admissionregistration/v1alpha1",
    "admissionregistration/v1beta1",
    "apps/v1",
    "apps/v1beta1",
    "apps/v1beta2",
    "authentication/v1",
    "authentication/v1beta1",
    "authorization/v1",
    "authorization/v1beta1",
    "autoscaling/v1",
    "autoscaling/v2beta1",
    "autoscaling/v2beta2",
    "batch/v1",
    "batch/v1beta1",
    "batch/v2alpha1",
    "certificates/v1beta1",
    "coordination/v1beta1",
    "core/v1",
    "events/v1beta1",
    "extensions/v1beta1",
    "networking/v1",
    "policy/v1beta1",
    "rbac/v1",
    "rbac/v1alpha1",
    "rbac/v1beta1",
    "scheduling/v1alpha1",
    "scheduling/v1beta1",
    "settings/v1alpha1",
    "storage/v1",
    "storage/v1alpha1",
    "storage/v1beta1",
  ]
  pruneopts = "NUT"
  revision = "6db15a15d2d3874a6c3ddb2140ac9f3bc7058428"

[[projects]]
  branch = "release-1.12"
  digest = "1:51f330b7a61ac0e8b6e082490586ff2b18008eb514a67eccbe5ec78ffd32ee25"
  name = "k8s.io/apiextensions-apiserver"
  packages = [
    "pkg/apis/apiextensions",
    "pkg/apis/apiextensions/v1beta1",
    "pkg/client/clientset/clientset",
    "pkg/client/clientset/clientset/scheme",
    "pkg/client/clientset/clientset/typed/apiextensions/v1beta1",
  ]
  pruneopts = "NUT"
  revision = "1f84094d7e8e3ad85431881fc572cbafd80ee4d4"

[[projects]]
  branch = "release-1.12"
  digest = "1:bbe21e3a99f4385a4de6c2be058219cb9337dd77ec66ea535a69d75daf528880"
  name = "k8s.io/apimachinery"
  packages = [
    "pkg/api/equality",
    "pkg/api/errors",
    "pkg/api/meta",
    "pkg/api/resource",
    "pkg/apis/meta/internalversion",
    "pkg/apis/meta/v1",
    "pkg/apis/meta/v1/unstructured",
    "pkg/apis/meta/v1beta1",
    "pkg/conversion",
    "pkg/conversion/queryparams",
    "pkg/fields",
    "pkg/labels",
    "pkg/runtime",
    "pkg/runtime/schema",
    "pkg/runtime/serializer",
    "pkg/runtime/serializer/json",
    "pkg/runtime/serializer/protobuf",
    "pkg/runtime/serializer/recognizer",
    "pkg/runtime/serializer/streaming",
    "pkg/runtime/serializer/versioning",
    "pkg/selection",
    "pkg/types",
    "pkg/util/cache",
    "pkg/util/clock",
    "pkg/util/diff",
    "pkg/util/errors",
    "pkg/util/framer",
    "pkg/util/intstr",
    "pkg/util/json",
    "pkg/util/mergepatch",
    "pkg/util/naming",
    "pkg/util/net",
    "pkg/util/runtime",
    "pkg/util/sets",
    "pkg/util/strategicpatch",
    "pkg/util/validation",
    "pkg/util/validation/field",
    "pkg/util/wait",
    "pkg/util/yaml",
    "pkg/version",
    "pkg/watch",
    "third_party/forked/golang/json",
    "third_party/forked/golang/reflect",
  ]
  pruneopts = "NUT"
  revision = "49ce2735e5074ffc3f8190c8406cf51a96302dad"

[[projects]]
  digest = "1:a075582c39a262e5f23f1be8268d1ab3be74051ccd7fe24d3da7da76f5616561"
  name = "k8s.io/client-go"
  packages = [
    "discovery",
    "discovery/fake",
    "kubernetes",
    "kubernetes/scheme",
    "kubernetes/typed/admissionregistration/v1alpha1",
    "kubernetes/typed/admissionregistration/v1beta1",
    "kubernetes/typed/apps/v1",
    "kubernetes/typed/apps/v1beta1",
    "kubernetes/typed/apps/v1beta2",
    "kubernetes/typed/authentication/v1",
    "kubernetes/typed/authentication/v1beta1",
    "kubernetes/typed/authorization/v1",
    "kubernetes/typed/authorization/v1beta1",
    "kubernetes/typed/autoscaling/v1",
    "kubernetes/typed/autoscaling/v2beta1",
    "kubernetes/typed/autoscaling/v2beta2",
    "kubernetes/typed/batch/v1",
    "kubernetes/typed/batch/v1beta1",
    "kubernetes/typed/batch/v2alpha1",
    "kubernetes/typed/certificates/v1beta1",
    "kubernetes/typed/coordination/v1beta1",
    "kubernetes/typed/core/v1",
    "kubernetes/typed/events/v1beta1",
    "kubernetes/typed/extensions/v1beta1",
    "kubernetes/typed/networking/v1",
    "kubernetes/typed/policy/v1beta1",
    "kubernetes/typed/rbac/v1",
    "kubernetes/typed/rbac/v1alpha1",
    "kubernetes/typed/rbac/v1beta1",
    "kubernetes/typed/scheduling/v1alpha1",
    "kubernetes/typed/scheduling/v1beta1",
    "kubernetes/typed/settings/v1alpha1",
    "kubernetes/typed/storage/v1",
    "kubernetes/typed/storage/v1alpha1",
    "kubernetes/typed/storage/v1beta1",
    "pkg/apis/clientauthentication",
    "pkg/apis/clientauthentication/v1alpha1",
    "pkg/apis/clientauthentication/v1beta1",
    "pkg/version",
    "plugin/pkg/client/auth/exec",
    "rest",
    "rest/watch",
    "testing",
    "tools/auth",
    "tools/cache",
    "tools/clientcmd",
    "tools/clientcmd/api",
    "tools/clientcmd/api/latest",
    "tools/clientcmd/api/v1",
    "tools/metrics",
    "tools/pager",
    "tools/record",
    "tools/reference",
    "transport",
    "util/buffer",
    "util/cert",
    "util/connrotation",
    "util/flowcontrol",
    "util/homedir",
    "util/integer",
    "util/retry",
    "util/workqueue",
  ]
  pruneopts = "NUT"
  revision = "1638f8970cefaa404ff3a62950f88b08292b2696"
  version = "v9.0.0"

[[projects]]
  branch = "release-1.12"
  digest = "1:26b81b5e76e3f84ea5140da4f74649576e470f79091d2ef8e0d1b5000bc636ca"
  name = "k8s.io/code-generator"
  packages = [
    "cmd/client-gen",
    "cmd/client-gen/args",
    "cmd/client-gen/generators",
    "cmd/client-gen/generators/fake",
    "cmd/client-gen/generators/scheme",
    "cmd/client-gen/generators/util",
    "cmd/client-gen/path",
    "cmd/client-gen/types",
    "cmd/conversion-gen",
    "cmd/conversion-gen/args",
    "cmd/conversion-gen/generators",
    "cmd/deepcopy-gen",
    "cmd/deepcopy-gen/args",
    "cmd/defaulter-gen",
    "cmd/defaulter-gen/args",
    "cmd/go-to-protobuf",
    "cmd/go-to-protobuf/protobuf",
    "cmd/import-boss",
    "cmd/informer-gen",
    "cmd/informer-gen/args",
    "cmd/informer-gen/generators",
    "cmd/lister-gen",
    "cmd/lister-gen/args",
    "cmd/lister-gen/generators",
    "cmd/openapi-gen",
    "cmd/openapi-gen/args",
    "cmd/set-gen",
    "pkg/util",
    "third_party/forked/golang/reflect",
  ]
  pruneopts = "T"
  revision = "b1289fc74931d4b6b04bd1a259acfc88a2cb0a66"

[[projects]]
  branch = "master"
  digest = "1:f6bfb290e6287a3f0507cc238eb10c530a86db7d296e77c5e4f7b865ce322ed6"
  name = "k8s.io/gengo"
  packages = [
    "args",
    "examples/deepcopy-gen/generators",
    "examples/defaulter-gen/generators",
    "examples/import-boss/generators",
    "examples/set-gen/generators",
    "examples/set-gen/sets",
    "generator",
    "namer",
    "parser",
    "types",
  ]
  pruneopts = "NUT"
  revision = "fdcf9f9480fdd5bf2b3c3df9bf4ecd22b25b87e2"

[[projects]]
  branch = "master"
  digest = "1:72ebd1873445f862a522e1afeb2f6ffc0c1bfefee22721d89fedf931427f2257"
  name = "k8s.io/kube-openapi"
  packages = [
    "cmd/openapi-gen/args",
    "pkg/common",
    "pkg/generators",
    "pkg/generators/rules",
    "pkg/util/proto",
    "pkg/util/sets",
  ]
  pruneopts = "NUT"
  revision = "0cf8f7e6ed1d2e3d47d02e3b6e559369af24d803"

[[projects]]
  digest = "1:8730e0150dfb2b7e173890c8b9868e7a273082ef8e39f4940e3506a481cf895c"
  name = "sigs.k8s.io/yaml"
  packages = ["."]
  pruneopts = "NUT"
  revision = "fd68e9863619f6ec2fdd8625fe1f02e7c877e480"
  version = "v1.1.0"

[[projects]]
  branch = "master"
  digest = "1:2385d1bef8989a5f919a71efee3f337df3f0ad7b29ee23204b5614aad3e3f577"
  name = "vbom.ml/util"
  packages = ["sortorder"]
  pruneopts = "NUT"
  revision = "256737ac55c46798123f754ab7d2c784e2c71783"

[solve-meta]
  analyzer-name = "dep"
  analyzer-version = 1
  input-imports = [
    "cloud.google.com/go/pubsub",
    "cloud.google.com/go/storage",
    "github.com/Azure/azure-sdk-for-go/services/resources/mgmt/2018-05-01/resources",
    "github.com/Azure/azure-storage-blob-go/2016-05-31/azblob",
    "github.com/Azure/go-autorest/autorest",
    "github.com/Azure/go-autorest/autorest/adal",
    "github.com/Azure/go-autorest/autorest/azure",
    "github.com/NYTimes/gziphandler",
    "github.com/andygrunwald/go-gerrit",
    "github.com/aws/aws-k8s-tester/eksconfig",
    "github.com/aws/aws-k8s-tester/ekstester",
    "github.com/aws/aws-sdk-go/aws",
    "github.com/aws/aws-sdk-go/aws/awserr",
    "github.com/aws/aws-sdk-go/aws/session",
    "github.com/aws/aws-sdk-go/service/autoscaling",
    "github.com/aws/aws-sdk-go/service/ec2",
    "github.com/aws/aws-sdk-go/service/iam",
    "github.com/aws/aws-sdk-go/service/route53",
    "github.com/aws/aws-sdk-go/service/s3",
    "github.com/bazelbuild/bazel-gazelle/cmd/gazelle",
    "github.com/bazelbuild/buildtools/build",
    "github.com/bwmarrin/snowflake",
    "github.com/client9/misspell/cmd/misspell",
    "github.com/deckarep/golang-set",
    "github.com/djherbis/atime",
    "github.com/docker/docker/api/types",
    "github.com/docker/docker/api/types/filters",
    "github.com/docker/docker/client",
    "github.com/evanphx/json-patch",
    "github.com/fsnotify/fsnotify",
    "github.com/fsouza/fake-gcs-server/fakestorage",
    "github.com/go-openapi/spec",
    "github.com/gogo/protobuf/vanity/command",
    "github.com/golang/dep/cmd/dep",
    "github.com/golang/glog",
    "github.com/golang/lint",
    "github.com/golang/lint/golint",
    "github.com/golang/mock/gomock",
    "github.com/golang/protobuf/proto",
    "github.com/google/go-github/github",
    "github.com/gorilla/securecookie",
    "github.com/gorilla/sessions",
    "github.com/gregjones/httpcache",
    "github.com/gregjones/httpcache/diskcache",
    "github.com/hashicorp/go-multierror",
    "github.com/influxdata/influxdb/client/v2",
    "github.com/jinzhu/gorm",
    "github.com/jinzhu/gorm/dialects/mysql",
    "github.com/jinzhu/gorm/dialects/sqlite",
    "github.com/joshdk/go-junit",
    "github.com/jteeuwen/go-bindata/go-bindata",
    "github.com/knative/build/pkg/apis/build/v1alpha1",
    "github.com/knative/build/pkg/client/clientset/versioned",
    "github.com/knative/build/pkg/client/informers/externalversions",
    "github.com/knative/build/pkg/client/informers/externalversions/build/v1alpha1",
    "github.com/kubernetes/repo-infra/kazel",
    "github.com/mattn/go-zglob",
    "github.com/pelletier/go-toml",
    "github.com/peterbourgon/diskv",
    "github.com/pkg/errors",
    "github.com/prometheus/client_golang/prometheus",
    "github.com/prometheus/client_golang/prometheus/promhttp",
    "github.com/prometheus/client_golang/prometheus/push",
    "github.com/satori/go.uuid",
    "github.com/shurcooL/githubv4",
    "github.com/sirupsen/logrus",
    "github.com/spf13/cobra",
    "github.com/spf13/pflag",
    "golang.org/x/crypto/ssh",
    "golang.org/x/net/context",
    "golang.org/x/net/xsrftoken",
    "golang.org/x/oauth2",
    "golang.org/x/oauth2/github",
    "golang.org/x/time/rate",
    "golang.org/x/tools/cover",
    "google.golang.org/api/iterator",
    "google.golang.org/api/option",
    "gopkg.in/robfig/cron.v2",
    "gopkg.in/yaml.v2",
    "k8s.io/api/admission/v1beta1",
    "k8s.io/api/admissionregistration/v1beta1",
    "k8s.io/api/core/v1",
    "k8s.io/apiextensions-apiserver/pkg/apis/apiextensions/v1beta1",
    "k8s.io/apiextensions-apiserver/pkg/client/clientset/clientset",
    "k8s.io/apimachinery/pkg/api/equality",
    "k8s.io/apimachinery/pkg/api/errors",
    "k8s.io/apimachinery/pkg/apis/meta/v1",
    "k8s.io/apimachinery/pkg/labels",
    "k8s.io/apimachinery/pkg/runtime",
    "k8s.io/apimachinery/pkg/runtime/schema",
    "k8s.io/apimachinery/pkg/runtime/serializer",
    "k8s.io/apimachinery/pkg/selection",
    "k8s.io/apimachinery/pkg/types",
    "k8s.io/apimachinery/pkg/util/diff",
    "k8s.io/apimachinery/pkg/util/runtime",
    "k8s.io/apimachinery/pkg/util/sets",
    "k8s.io/apimachinery/pkg/util/validation",
    "k8s.io/apimachinery/pkg/util/wait",
    "k8s.io/apimachinery/pkg/watch",
    "k8s.io/client-go/discovery",
    "k8s.io/client-go/discovery/fake",
    "k8s.io/client-go/kubernetes",
    "k8s.io/client-go/kubernetes/scheme",
    "k8s.io/client-go/kubernetes/typed/core/v1",
    "k8s.io/client-go/rest",
    "k8s.io/client-go/testing",
    "k8s.io/client-go/tools/cache",
    "k8s.io/client-go/tools/clientcmd",
    "k8s.io/client-go/tools/record",
    "k8s.io/client-go/util/flowcontrol",
    "k8s.io/client-go/util/workqueue",
    "k8s.io/code-generator/cmd/client-gen",
    "k8s.io/code-generator/cmd/conversion-gen",
    "k8s.io/code-generator/cmd/deepcopy-gen",
    "k8s.io/code-generator/cmd/defaulter-gen",
    "k8s.io/code-generator/cmd/go-to-protobuf",
    "k8s.io/code-generator/cmd/import-boss",
    "k8s.io/code-generator/cmd/informer-gen",
    "k8s.io/code-generator/cmd/lister-gen",
    "k8s.io/code-generator/cmd/openapi-gen",
    "k8s.io/code-generator/cmd/set-gen",
    "k8s.io/gengo/args",
    "sigs.k8s.io/yaml",
    "vbom.ml/util/sortorder",
  ]
  solver-name = "gps-cdcl"
  solver-version = 1
