# This file is autogenerated, do not edit; changes may be undone by the next 'dep ensure'.


[[projects]]
  name = "bitbucket.org/ww/goautoneg"
  packages = ["."]
  revision = "'75cd24fc2f2c2a2088577d12123ddee5f54e0675'"

[[projects]]
  name = "cloud.google.com/go"
  packages = [
    "compute/metadata",
    "iam",
    "internal",
    "internal/optional",
    "internal/version",
    "storage",
  ]
  revision = "050b16d2314d5fc3d4c9a51e4cd5c7468e77f162"
  version = "v0.17.0"

[[projects]]
  branch = "parse-constraints-with-dash-in-pre"
  name = "github.com/Masterminds/semver"
  packages = ["."]
  revision = "a93e51b5a57ef416dac8bb02d11407b6f55d8929"
  source = "https://github.com/carolynvs/semver.git"

[[projects]]
  name = "github.com/Masterminds/vcs"
  packages = ["."]
  revision = "6f1c6d150500e452704e9863f68c2559f58616bf"
  version = "v1.12.0"

[[projects]]
  name = "github.com/Microsoft/go-winio"
  packages = ["."]
  revision = "b7c3cf0d1286c7b62b140ed960a00b154c1b6fcc"
  version = "v0.4.6"

[[projects]]
  name = "github.com/NYTimes/gziphandler"
  packages = ["."]
  revision = "63027b26b87e2ae2ce3810393d4b81021cfd3a35"

[[projects]]
  name = "github.com/PuerkitoBio/purell"
  packages = ["."]
  revision = "0bcb03f4b4d0a9428594752bd2a3b9aa0a9d4bd4"
  version = "v1.1.0"

[[projects]]
  branch = "master"
  name = "github.com/PuerkitoBio/urlesc"
  packages = ["."]
  revision = "de5bf2ad457846296e2031421a34e2568e304e35"

[[projects]]
  name = "github.com/andygrunwald/go-gerrit"
  packages = ["."]
  revision = "95b11af228a177a6c9961202fa40ff284ba86849"
  version = "0.5.2"

[[projects]]
  branch = "master"
  name = "github.com/armon/go-radix"
  packages = ["."]
  revision = "1fca145dffbcaa8fe914309b1ec0cfc67500fe61"

[[projects]]
  name = "github.com/aws/aws-sdk-go"
  packages = [
    "aws",
    "aws/awserr",
    "aws/awsutil",
    "aws/client",
    "aws/client/metadata",
    "aws/corehandlers",
    "aws/credentials",
    "aws/credentials/ec2rolecreds",
    "aws/credentials/endpointcreds",
    "aws/credentials/stscreds",
    "aws/defaults",
    "aws/ec2metadata",
    "aws/endpoints",
    "aws/request",
    "aws/session",
    "aws/signer/v4",
    "internal/shareddefaults",
    "private/protocol",
    "private/protocol/ec2query",
    "private/protocol/query",
    "private/protocol/query/queryutil",
    "private/protocol/rest",
    "private/protocol/restxml",
    "private/protocol/xml/xmlutil",
    "service/autoscaling",
    "service/ec2",
    "service/iam",
    "service/s3",
    "service/sts",
  ]
  revision = "82ad808f2307df0776c038bfd7ea85440a35c02e"
  version = "v1.12.53"

[[projects]]
  name = "github.com/bazelbuild/bazel-gazelle"
  packages = [
    "cmd/gazelle",
    "internal/config",
    "internal/label",
    "internal/merger",
    "internal/packages",
    "internal/pathtools",
    "internal/repos",
    "internal/resolve",
    "internal/rules",
    "internal/version",
    "internal/wspace",
  ]
  revision = "ff4d67f395b3f4d1dc9810eeceb61585fea252cb"
  version = "0.10.1"

[[projects]]
  name = "github.com/bazelbuild/buildtools"
  packages = [
    "build",
    "tables",
  ]
  revision = "80c7f0d45d7e40fa1f7362852697d4a03df557b3"

[[projects]]
  name = "github.com/beorn7/perks"
  packages = ["quantile"]
  revision = "3ac7bf7a47d159a033b107610db8a1b6575507a4"

[[projects]]
  name = "github.com/boltdb/bolt"
  packages = ["."]
  revision = "2f1ce7a837dcb8da3ec595b1dac9d0632f0f99e8"
  version = "v1.3.1"

[[projects]]
  name = "github.com/bwmarrin/snowflake"
  packages = ["."]
  revision = "02cc386c183a1bf89dcac8c8008bb465f69d3340"

[[projects]]
  name = "github.com/client9/misspell"
  packages = [
    ".",
    "cmd/misspell",
  ]
  revision = "9ce5d979ffdaca6385988d7ad1079a33ec942d20"

[[projects]]
  name = "github.com/davecgh/go-spew"
  packages = ["spew"]
  revision = "346938d642f2ec3594ed81d874461961cd0faa76"
  version = "v1.1.0"

[[projects]]
  name = "github.com/deckarep/golang-set"
  packages = ["."]
  revision = "1d4478f51bed434f1dadf96dcd9b43aabac66795"
  version = "v1.7"

[[projects]]
  name = "github.com/djherbis/atime"
  packages = ["."]
  revision = "8e47e0e01d08df8b9f840d74299c8ab70a024a30"
  version = "v1.0.0"

[[projects]]
  name = "github.com/docker/distribution"
  packages = [
    "digestset",
    "reference",
  ]
  revision = "edc3ab29cdff8694dd6feb85cfeb4b5f1b38ed9c"

[[projects]]
  name = "github.com/docker/docker"
  packages = [
    "api",
    "api/types",
    "api/types/blkiodev",
    "api/types/container",
    "api/types/events",
    "api/types/filters",
    "api/types/image",
    "api/types/mount",
    "api/types/network",
    "api/types/registry",
    "api/types/strslice",
    "api/types/swarm",
    "api/types/swarm/runtime",
    "api/types/time",
    "api/types/versions",
    "api/types/volume",
    "client",
  ]
  revision = "5e5fadb3c0201553929d4a6ea8dc8f9d8a1e56fe"

[[projects]]
  name = "github.com/docker/go-connections"
  packages = [
    "nat",
    "sockets",
    "tlsconfig",
  ]
  revision = "3ede32e2033de7505e6500d6c868c2b9ed9f169d"
  version = "v0.3.0"

[[projects]]
  name = "github.com/docker/go-units"
  packages = ["."]
  revision = "0dadbb0345b35ec7ef35e228dabb8de89a65bf52"
  version = "v0.3.2"

[[projects]]
  name = "github.com/emicklei/go-restful"
  packages = [
    ".",
    "log",
  ]
  revision = "2dd44038f0b95ae693b266c5f87593b5d2fdd78d"
  version = "v2.5.0"

[[projects]]
  name = "github.com/fsnotify/fsnotify"
  packages = ["."]
  revision = "c2828203cd70a50dcccfb2761f8b1f8ceef9a8e9"
  version = "v1.4.7"

[[projects]]
  name = "github.com/ghodss/yaml"
  packages = ["."]
  revision = "0ca9ea5df5451ffdf184b4428c902747c2c11cd7"
  version = "v1.0.0"

[[projects]]
  name = "github.com/go-ini/ini"
  packages = ["."]
  revision = "32e4c1e6bc4e7d0d8451aa6b75200d19e37a536a"
  version = "v1.32.0"

[[projects]]
  branch = "master"
  name = "github.com/go-openapi/jsonpointer"
  packages = ["."]
  revision = "779f45308c19820f1a69e9a4cd965f496e0da10f"

[[projects]]
  branch = "master"
  name = "github.com/go-openapi/jsonreference"
  packages = ["."]
  revision = "36d33bfe519efae5632669801b180bf1a245da3b"

[[projects]]
  branch = "master"
  name = "github.com/go-openapi/spec"
  packages = ["."]
  revision = "fa03337d7da5735229ee8f5e9d5d0b996014b7f8"

[[projects]]
  branch = "master"
  name = "github.com/go-openapi/swag"
  packages = ["."]
  revision = "cf0bdb963811675a4d7e74901cefc7411a1df939"

[[projects]]
  name = "github.com/go-sql-driver/mysql"
  packages = ["."]
  revision = "7ebe0a500653eeb1859664bed5e48dec1e164e73"

[[projects]]
  branch = "v2"
  name = "github.com/go-yaml/yaml"
  packages = ["."]
  revision = "d670f9405373e636a5a2765eea47fac0c9bc91a4"

[[projects]]
  name = "github.com/gogo/protobuf"
  packages = [
    "proto",
    "sortkeys",
  ]
  revision = "342cbe0a04158f6dcb03ca0079991a51a4248c02"
  version = "v0.5"

[[projects]]
  name = "github.com/golang/dep"
  packages = [
    ".",
    "cmd/dep",
    "gps",
    "gps/internal/pb",
    "gps/paths",
    "gps/pkgtree",
    "internal/feedback",
    "internal/fs",
    "internal/importers",
    "internal/importers/base",
    "internal/importers/glide",
    "internal/importers/glock",
    "internal/importers/godep",
    "internal/importers/govend",
    "internal/importers/govendor",
    "internal/importers/gvt",
    "internal/importers/vndr",
  ]
  revision = "37d9ea0ac16f0e0a05afc3b60e1ac8c364b6c329"
  version = "v0.4.1"

[[projects]]
  branch = "master"
  name = "github.com/golang/glog"
  packages = ["."]
  revision = "23def4e6c14b4da8ac2ed8007337bc5eb5007998"

[[projects]]
  name = "github.com/golang/lint"
  packages = ["."]
  revision = "c5fb716d6688a859aae56d26d3e6070808df29f7"

[[projects]]
  name = "github.com/golang/mock"
  packages = ["gomock"]
  revision = "bd3c8e81be01eef76d4b503f5e687d2d1354d2d9"

[[projects]]
  branch = "master"
  name = "github.com/golang/protobuf"
  packages = [
    "proto",
    "protoc-gen-go/descriptor",
    "ptypes",
    "ptypes/any",
    "ptypes/duration",
    "ptypes/timestamp",
  ]
  revision = "925541529c1fa6821df4e44ce2723319eb2be768"

[[projects]]
  name = "github.com/google/btree"
  packages = ["."]
  revision = "cc6329d4279e3f025a53a83c397d2339b5705c45"

[[projects]]
  name = "github.com/google/go-github"
  packages = ["github"]
  revision = "7a51fb928f52a196d5f31daefb8a489453ef54ff"

[[projects]]
  name = "github.com/google/go-querystring"
  packages = ["query"]
  revision = "547ef5ac979778feb2f760cdb5f4eae1a2207b86"

[[projects]]
  name = "github.com/google/gofuzz"
  packages = ["."]
  revision = "bbcb9da2d746f8bdbd6a936686a0a6067ada0ec5"

[[projects]]
  name = "github.com/googleapis/gax-go"
  packages = ["."]
  revision = "317e0006254c44a0ac427cc52a0e083ff0b9622f"
  version = "v2.0.0"

[[projects]]
  name = "github.com/googleapis/gnostic"
  packages = [
    "OpenAPIv2",
    "compiler",
    "extensions",
  ]
  revision = "ee43cbb60db7bd22502942cccbc39059117352ab"
  version = "v0.1.0"

[[projects]]
  name = "github.com/gorilla/context"
  packages = ["."]
  revision = "1ea25387ff6f684839d82767c1733ff4d4d15d0a"
  version = "v1.1"

[[projects]]
  name = "github.com/gorilla/securecookie"
  packages = ["."]
  revision = "667fe4e3466a040b780561fe9b51a83a3753eefc"
  version = "v1.1"

[[projects]]
  name = "github.com/gorilla/sessions"
  packages = ["."]
  revision = "ca9ada44574153444b00d3fd9c8559e4cc95f896"
  version = "v1.1"

[[projects]]
  name = "github.com/gregjones/httpcache"
  packages = [
    ".",
    "diskcache",
  ]
  revision = "16db777d8ebea60a3e746a7e0703eaaa53f85f7f"

[[projects]]
  branch = "master"
  name = "github.com/hashicorp/errwrap"
  packages = ["."]
  revision = "7554cd9344cec97297fa6649b055a8c98c2a1e55"

[[projects]]
  branch = "master"
  name = "github.com/hashicorp/go-multierror"
  packages = ["."]
  revision = "b7773ae218740a7be65057fc60b366a49b538a44"

[[projects]]
  branch = "master"
  name = "github.com/howeyc/gopass"
  packages = ["."]
  revision = "bf9dde6d0d2c004a008c27aaee91170c786f6db8"

[[projects]]
  name = "github.com/imdario/mergo"
  packages = ["."]
  revision = "163f41321a19dd09362d4c63cc2489db2015f1f4"
  version = "0.3.2"

[[projects]]
  name = "github.com/inconshreveable/mousetrap"
  packages = ["."]
  revision = "76626ae9c91c4f2a10f34cad8ce83ea42c93bb75"
  version = "v1.0"

[[projects]]
  name = "github.com/influxdata/influxdb"
  packages = [
    "client/v2",
    "models",
    "pkg/escape",
  ]
  revision = "049f9b42e9a5ca4c0bcb4439a9f33fd83b485077"

[[projects]]
  name = "github.com/jinzhu/gorm"
  packages = [
    ".",
    "dialects/mysql",
    "dialects/sqlite",
  ]
  revision = "572d0a0ab1eb75410a2729e96239152d1da7a91f"

[[projects]]
  name = "github.com/jinzhu/inflection"
  packages = ["."]
  revision = "3272df6c21d04180007eb3349844c89a3856bc25"

[[projects]]
  name = "github.com/jmank88/nuts"
  packages = ["."]
  revision = "8b28145dffc87104e66d074f62ea8080edfad7c8"
  version = "v0.3.0"

[[projects]]
  name = "github.com/jmespath/go-jmespath"
  packages = ["."]
  revision = "0b12d6b5"

[[projects]]
  name = "github.com/json-iterator/go"
  packages = ["."]
  revision = "3353055b2a1a5ae1b6a8dfde887a524e7088f3a2"
  version = "1.1.2"

[[projects]]
  name = "github.com/juju/ratelimit"
  packages = ["."]
  revision = "59fac5042749a5afb9af70e813da1dd5474f0167"
  version = "1.0.1"

[[projects]]
  branch = "master"
  name = "github.com/kubernetes/repo-infra"
  packages = ["kazel"]
  revision = "06471ba92308f7bfff038aa0850f31cbb7254ea3"

[[projects]]
  branch = "master"
  name = "github.com/mailru/easyjson"
  packages = [
    "buffer",
    "jlexer",
    "jwriter",
  ]
  revision = "32fa128f234d041f196a9f3e0fea5ac9772c08e1"

[[projects]]
  name = "github.com/mattn/go-sqlite3"
  packages = ["."]
  revision = "38ee283dabf11c9cbdb968eebd79b1fa7acbabe6"

[[projects]]
  name = "github.com/matttproud/golang_protobuf_extensions"
  packages = ["pbutil"]
  revision = "fc2b8d3a73c4867e51861bbdd5ae3c1f0869dd6a"

[[projects]]
  name = "github.com/modern-go/concurrent"
  packages = ["."]
  revision = "938152ca6a933f501bb238954eebd3cbcbf489ff"
  version = "1.0.2"

[[projects]]
  name = "github.com/modern-go/reflect2"
  packages = ["."]
  revision = "1df9eeb2bb81f327b96228865c5687bc2194af3f"
  version = "1.0.0"

[[projects]]
  branch = "master"
  name = "github.com/nightlyone/lockfile"
  packages = ["."]
  revision = "6a197d5ea61168f2ac821de2b7f011b250904900"

[[projects]]
  name = "github.com/opencontainers/go-digest"
  packages = ["."]
  revision = "279bed98673dd5bef374d3b6e4b09e2af76183bf"
  version = "v1.0.0-rc1"

[[projects]]
  name = "github.com/opencontainers/image-spec"
  packages = [
    "specs-go",
    "specs-go/v1",
  ]
  revision = "d60099175f88c47cd379c4738d158884749ed235"
  version = "v1.0.1"

[[projects]]
  branch = "master"
  name = "github.com/pelletier/go-toml"
  packages = ["."]
  revision = "05bcc0fb0d3e60da4b8dd5bd7e0ea563eb4ca943"

[[projects]]
  branch = "master"
  name = "github.com/petar/GoLLRB"
  packages = ["llrb"]
  revision = "53be0d36a84c2a886ca057d34b6aa4468df9ccb4"

[[projects]]
  name = "github.com/peterbourgon/diskv"
  packages = ["."]
  revision = "2973218375c3d13162e1d3afe1708aaee318ef3f"

[[projects]]
  name = "github.com/pkg/errors"
  packages = ["."]
  revision = "645ef00459ed84a119197bfb8d8205042c6df63d"
  version = "v0.8.0"

[[projects]]
  name = "github.com/prometheus/client_golang"
  packages = [
    "prometheus",
    "prometheus/promhttp",
    "prometheus/push",
  ]
  revision = "c5b7fccd204277076155f10851dad72b76a49317"
  version = "v0.8.0"

[[projects]]
  name = "github.com/prometheus/client_model"
  packages = ["go"]
  revision = "fa8ad6fec33561be4280a8f0514318c79d7f6cb6"

[[projects]]
  name = "github.com/prometheus/common"
  packages = [
    "expfmt",
    "model",
  ]
  revision = "ffe929a3f4c4faeaa10f2b9535c2b1be3ad15650"

[[projects]]
  name = "github.com/prometheus/procfs"
  packages = ["."]
  revision = "454a56f35412459b5e684fd5ec0f9211b94f002a"

[[projects]]
  name = "github.com/satori/go.uuid"
  packages = ["."]
  revision = "0aa62d5ddceb50dbcb909d790b5345affd3669b6"

[[projects]]
  branch = "master"
  name = "github.com/sdboyer/constext"
  packages = ["."]
  revision = "836a144573533ea4da4e6929c235fd348aed1c80"

[[projects]]
  name = "github.com/shurcooL/githubql"
  packages = ["."]
  revision = "71882d9f5f43fe50be204fe37db8994bf70072bb"

[[projects]]
  name = "github.com/shurcooL/go"
  packages = ["ctxhttp"]
  revision = "5924e6132c2f184e262d4bc779e5745fa297d093"

[[projects]]
  name = "github.com/shurcooL/graphql"
  packages = [
    ".",
    "ident",
    "internal/jsonutil",
  ]
  revision = "68e5b1b3ab56633e42939506bc61f0b9fb2b7a79"

[[projects]]
  name = "github.com/sirupsen/logrus"
  packages = ["."]
  revision = "a283a10442df8dc09befd873fab202bf8a253d6a"

[[projects]]
  name = "github.com/spf13/cobra"
  packages = ["."]
  revision = "4c05eb1145f16d0e6bb4a3e1b6d769f4713cb41f"

[[projects]]
  name = "github.com/spf13/pflag"
  packages = ["."]
  revision = "7aff26db30c1be810f9de5038ec5ef96ac41fd7c"

[[projects]]
  name = "golang.org/x/crypto"
  packages = [
    "curve25519",
    "ed25519",
    "ed25519/internal/edwards25519",
    "ssh",
    "ssh/terminal",
  ]
  revision = "81e90905daefcd6fd217b62423c0908922eadb30"

[[projects]]
  branch = "master"
  name = "golang.org/x/net"
  packages = [
    "context",
    "context/ctxhttp",
    "http2",
    "http2/hpack",
    "idna",
    "internal/timeseries",
    "lex/httplex",
    "proxy",
    "trace",
    "xsrftoken",
  ]
  revision = "0ed95abb35c445290478a5348a7b38bb154135fd"

[[projects]]
  branch = "master"
  name = "golang.org/x/oauth2"
  packages = [
    ".",
    "github",
    "google",
    "internal",
    "jws",
    "jwt",
  ]
  revision = "a032972e28060ca4f5644acffae3dfc268cc09db"

[[projects]]
  branch = "master"
  name = "golang.org/x/sync"
  packages = ["errgroup"]
  revision = "fd80eb99c8f653c847d294a001bdf2a3a6f768f5"

[[projects]]
  name = "golang.org/x/sys"
  packages = [
    "unix",
    "windows",
  ]
  revision = "a646d33e2ee3172a661fc09bca23bb4889a41bc8"

[[projects]]
  branch = "master"
  name = "golang.org/x/text"
  packages = [
    "collate",
    "collate/build",
    "internal/colltab",
    "internal/gen",
    "internal/tag",
    "internal/triegen",
    "internal/ucd",
    "language",
    "secure/bidirule",
    "transform",
    "unicode/bidi",
    "unicode/cldr",
    "unicode/norm",
    "unicode/rangetable",
    "width",
  ]
  revision = "eb22672bea55af56d225d4e35405f4d2e9f062a0"

[[projects]]
  name = "golang.org/x/tools"
  packages = [
    "go/gcexportdata",
    "go/gcimporter15",
    "go/vcs",
  ]
  revision = "1f0f7f68c993a0ff4e0fe1793c08cdd14cc243cb"

[[projects]]
  branch = "master"
  name = "google.golang.org/api"
  packages = [
    "gensupport",
    "googleapi",
    "googleapi/internal/uritemplates",
    "googleapi/transport",
    "internal",
    "iterator",
    "option",
    "storage/v1",
    "transport/http",
  ]
  revision = "ffa5046912fde3e38fd41244f9593c99431ecfa2"

[[projects]]
  name = "google.golang.org/appengine"
  packages = [
    ".",
    "internal",
    "internal/app_identity",
    "internal/base",
    "internal/datastore",
    "internal/log",
    "internal/modules",
    "internal/remote_api",
    "internal/urlfetch",
    "urlfetch",
  ]
  revision = "150dc57a1b433e64154302bdc40b6bb8aefa313a"
  version = "v1.0.0"

[[projects]]
  branch = "master"
  name = "google.golang.org/genproto"
  packages = [
    "googleapis/api/annotations",
    "googleapis/iam/v1",
    "googleapis/rpc/status",
  ]
  revision = "4eb30f4778eed4c258ba66527a0d4f9ec8a36c45"

[[projects]]
  name = "google.golang.org/grpc"
  packages = [
    ".",
    "balancer",
    "balancer/base",
    "balancer/roundrobin",
    "codes",
    "connectivity",
    "credentials",
    "encoding",
    "grpclb/grpc_lb_v1/messages",
    "grpclog",
    "internal",
    "keepalive",
    "metadata",
    "naming",
    "peer",
    "resolver",
    "resolver/dns",
    "resolver/passthrough",
    "stats",
    "status",
    "tap",
    "transport",
  ]
  revision = "6b51017f791ae1cfbec89c52efdf444b13b550ef"
  version = "v1.9.2"

[[projects]]
  name = "gopkg.in/inf.v0"
  packages = ["."]
  revision = "3887ee99ecf07df5b447e9b00d9c0b2adaa9f3e4"
  version = "v0.9.0"

[[projects]]
  branch = "v2"
  name = "gopkg.in/robfig/cron.v2"
  packages = ["."]
  revision = "be2e0b0deed5a68ffee390b4583a13aff8321535"

[[projects]]
  name = "gopkg.in/yaml.v2"
  packages = ["."]
  revision = "a83829b6f1293c91addabc89d0571c246397bbf4"

[[projects]]
  branch = "master"
  name = "k8s.io/api"
  packages = [
    "admissionregistration/v1alpha1",
    "admissionregistration/v1beta1",
    "apps/v1",
    "apps/v1beta1",
    "apps/v1beta2",
    "authentication/v1",
    "authentication/v1beta1",
    "authorization/v1",
    "authorization/v1beta1",
    "autoscaling/v1",
    "autoscaling/v2beta1",
    "batch/v1",
    "batch/v1beta1",
    "batch/v2alpha1",
    "certificates/v1beta1",
    "core/v1",
    "events/v1beta1",
    "extensions/v1beta1",
    "networking/v1",
    "policy/v1beta1",
    "rbac/v1",
    "rbac/v1alpha1",
    "rbac/v1beta1",
    "scheduling/v1alpha1",
    "settings/v1alpha1",
    "storage/v1",
    "storage/v1alpha1",
    "storage/v1beta1",
  ]
  revision = "fbe336854453ac8e27bffe14e1964555245cbd05"

[[projects]]
  branch = "master"
  name = "k8s.io/apiextensions-apiserver"
  packages = [
    "pkg/apis/apiextensions",
    "pkg/apis/apiextensions/v1beta1",
    "pkg/client/clientset/clientset",
    "pkg/client/clientset/clientset/scheme",
    "pkg/client/clientset/clientset/typed/apiextensions/v1beta1",
  ]
  revision = "e4d9f6c01342df2d731be47146016a52d1a623ed"

[[projects]]
  branch = "release-1.9"
  name = "k8s.io/apimachinery"
  packages = [
    "pkg/api/equality",
    "pkg/api/errors",
    "pkg/api/meta",
    "pkg/api/resource",
    "pkg/apis/meta/v1",
    "pkg/apis/meta/v1/unstructured",
    "pkg/apis/meta/v1alpha1",
    "pkg/conversion",
    "pkg/conversion/queryparams",
    "pkg/fields",
    "pkg/labels",
    "pkg/runtime",
    "pkg/runtime/schema",
    "pkg/runtime/serializer",
    "pkg/runtime/serializer/json",
    "pkg/runtime/serializer/protobuf",
    "pkg/runtime/serializer/recognizer",
    "pkg/runtime/serializer/streaming",
    "pkg/runtime/serializer/versioning",
    "pkg/selection",
    "pkg/types",
    "pkg/util/clock",
    "pkg/util/diff",
    "pkg/util/errors",
    "pkg/util/framer",
    "pkg/util/intstr",
    "pkg/util/json",
    "pkg/util/net",
    "pkg/util/runtime",
    "pkg/util/sets",
    "pkg/util/validation",
    "pkg/util/validation/field",
    "pkg/util/wait",
    "pkg/util/yaml",
    "pkg/version",
    "pkg/watch",
    "third_party/forked/golang/reflect",
  ]
  revision = "180eddb345a5be3a157cea1c624700ad5bd27b8f"

[[projects]]
  branch = "release-1.9"
  name = "k8s.io/apiserver"
  packages = ["pkg/util/flag"]
  revision = "91e14f394e4796abf5a994a349a222e7081d86b6"

[[projects]]
  name = "k8s.io/client-go"
  packages = [
    "discovery",
    "kubernetes",
    "kubernetes/scheme",
    "kubernetes/typed/admissionregistration/v1alpha1",
    "kubernetes/typed/admissionregistration/v1beta1",
    "kubernetes/typed/apps/v1",
    "kubernetes/typed/apps/v1beta1",
    "kubernetes/typed/apps/v1beta2",
    "kubernetes/typed/authentication/v1",
    "kubernetes/typed/authentication/v1beta1",
    "kubernetes/typed/authorization/v1",
    "kubernetes/typed/authorization/v1beta1",
    "kubernetes/typed/autoscaling/v1",
    "kubernetes/typed/autoscaling/v2beta1",
    "kubernetes/typed/batch/v1",
    "kubernetes/typed/batch/v1beta1",
    "kubernetes/typed/batch/v2alpha1",
    "kubernetes/typed/certificates/v1beta1",
    "kubernetes/typed/core/v1",
    "kubernetes/typed/events/v1beta1",
    "kubernetes/typed/extensions/v1beta1",
    "kubernetes/typed/networking/v1",
    "kubernetes/typed/policy/v1beta1",
    "kubernetes/typed/rbac/v1",
    "kubernetes/typed/rbac/v1alpha1",
    "kubernetes/typed/rbac/v1beta1",
    "kubernetes/typed/scheduling/v1alpha1",
    "kubernetes/typed/settings/v1alpha1",
    "kubernetes/typed/storage/v1",
    "kubernetes/typed/storage/v1alpha1",
    "kubernetes/typed/storage/v1beta1",
    "pkg/version",
    "rest",
    "rest/watch",
    "tools/auth",
    "tools/clientcmd",
    "tools/clientcmd/api",
    "tools/clientcmd/api/latest",
    "tools/clientcmd/api/v1",
    "tools/metrics",
    "tools/reference",
    "transport",
    "util/cert",
    "util/flowcontrol",
    "util/homedir",
    "util/integer",
  ]
  revision = "78700dec6369ba22221b72770783300f143df150"
  version = "v6.0.0"

[[projects]]
  name = "k8s.io/contrib"
  packages = ["test-utils/utils"]
  revision = "8f0f928c68f2c76ade9c1ee0249ae5cea5673cac"

[[projects]]
  branch = "master"
  name = "k8s.io/kube-openapi"
  packages = ["pkg/common"]
  revision = "a07b7bbb58e7fdc5144f8d7046331d29fc9ad3b3"

[[projects]]
  branch = "master"
  name = "vbom.ml/util"
  packages = ["sortorder"]
  revision = "256737ac55c46798123f754ab7d2c784e2c71783"

[solve-meta]
  analyzer-name = "dep"
  analyzer-version = 1
  inputs-digest = "f7037007e132280c60b53d6a6649c4b34e3ae0526730304189a7b200471d4993"
  solver-name = "gps-cdcl"
  solver-version = 1
