# THIS IS AN AUTOGENERATED FILE. DO NOT EDIT THIS FILE DIRECTLY.
# yarn lockfile v1


dialog-polyfill@^0.4.10:
  version "0.4.10"
  resolved "https://registry.yarnpkg.com/dialog-polyfill/-/dialog-polyfill-0.4.10.tgz#c4ea68a0deed4abb59a6a2a025c548b278cd532e"

moment@^2.22.2:
  version "2.22.2"
  resolved "https://registry.yarnpkg.com/moment/-/moment-2.22.2.tgz#3c257f9839fc0e93ff53149632239eb90783ff66"
